
Microsoft Visual Studio Solution File, Format Version 12.00
# Visual Studio Version 17
VisualStudioVersion = 17.14.37628.2 d17.14
MinimumVisualStudioVersion = 10.0.40219.1
Project("{FAE04EC0-301F-11D3-BF4B-00C04F79EFBC}") = "Ecommerce-Project", "Ecommerce-Project.csproj", "{C1A642D8-EE12-4089-87CD-270F7F770525}"
EndProject
Global
	GlobalSection(SolutionConfigurationPlatforms) = preSolution
		Debug|Any CPU = Debug|Any CPU
		Release|Any CPU = Release|Any CPU
	EndGlobalSection
	GlobalSection(ProjectConfigurationPlatforms) = postSolution
		{C1A642D8-EE12-4089-87CD-270F7F770525}.Debug|Any CPU.ActiveCfg = Debug|Any CPU
		{C1A642D8-EE12-4089-87CD-270F7F770525}.Debug|Any CPU.Build.0 = Debug|Any CPU
		{C1A642D8-EE12-4089-87CD-270F7F770525}.Release|Any CPU.ActiveCfg = Release|Any CPU
		{C1A642D8-EE12-4089-87CD-270F7F770525}.Release|Any CPU.Build.0 = Release|Any CPU
	EndGlobalSection
	GlobalSection(SolutionProperties) = preSolution
		HideSolutionNode = FALSE
	EndGlobalSection
	GlobalSection(ExtensibilityGlobals) = postSolution
		SolutionGuid = {6A1E59A9-10E4-482F-B835-2FBD2E1D8640}
	EndGlobalSection
EndGlobal
